{
  "pins" : [
    {
      "identity" : "codableutils",
      "kind" : "remoteSourceControl",
      "location" : "https://github.com/ultim8p/CodableUtils",
      "state" : {
        "revision" : "45a6378f16e700fdbbd6df13a67ebad1f517af80",
        "version" : "0.0.3"
      }
    },
    {
      "identity" : "lottie-ios",
      "kind" : "remoteSourceControl",
      "location" : "https://github.com/airbnb/lottie-ios.git",
      "state" : {
        "revision" : "d6feea26a370019b4d3a85f5984cb95a2734776f",
        "version" : "4.2.0"
      }
    },
    {
      "identity" : "mergeable",
      "kind" : "remoteSourceControl",
      "location" : "https://github.com/ultim8p/Mergeable.git",
      "state" : {
        "revision" : "cdb7cbce9cd311f300621594244874c1acec925d",
        "version" : "0.0.4"
      }
    },
    {
      "identity" : "noapi",
      "kind" : "remoteSourceControl",
      "location" : "https://github.com/ultim8p/NoAPI.git",
      "state" : {
        "branch" : "main",
        "revision" : "4a7e24c3f6cf5231815997c8dafbfecead19b398"
      }
    },
    {
      "identity" : "noauth",
      "kind" : "remoteSourceControl",
      "location" : "https://github.com/ultim8p/NoAuth.git",
      "state" : {
        "branch" : "main",
        "revision" : "948fcce841c0c2f5d310ad06c99898b75033fe4b"
      }
    },
    {
      "identity" : "nocrypto",
      "kind" : "remoteSourceControl",
      "location" : "https://github.com/ultim8p/NoCrypto.git",
      "state" : {
        "branch" : "main",
        "revision" : "f7f222ca6e811476c343932e7c97016292b35c45"
      }
    },
    {
      "identity" : "swift-crypto",
      "kind" : "remoteSourceControl",
      "location" : "https://github.com/apple/swift-crypto.git",
      "state" : {
        "revision" : "60f13f60c4d093691934dc6cfdf5f508ada1f894",
        "version" : "2.6.0"
      }
    }
  ],
  "version" : 2
}
